
Microsoft Visual Studio Solution File, Format Version 12.00
# Visual Studio Version 16
VisualStudioVersion = 16.0.30128.36
MinimumVisualStudioVersion = 10.0.40219.1
Project("{9A19103F-16F7-4668-BE54-9A1E7A4F7556}") = "ShopCET45.Common", "ShopCET45.Common\ShopCET45.Common.csproj", "{49D8B9D3-9536-45BE-AC6F-99BCE23BAC98}"
EndProject
Project("{9A19103F-16F7-4668-BE54-9A1E7A4F7556}") = "ShopCET45.Web", "ShopCET45.Web\ShopCET45.Web.csproj", "{31C5B023-2A9A-4E3D-A2AD-6ECB5949905E}"
EndProject
Project("{FAE04EC0-301F-11D3-BF4B-00C04F79EFBC}") = "ShopCET45.Prism", "ShopCET45.Prism\ShopCET45.Prism\ShopCET45.Prism.csproj", "{F4266630-560B-4468-BC28-6B5D84B8AEED}"
EndProject
Project("{FAE04EC0-301F-11D3-BF4B-00C04F79EFBC}") = "ShopCET45.Prism.Android", "ShopCET45.Prism\ShopCET45.Prism.Android\ShopCET45.Prism.Android.csproj", "{7F05302C-621E-4EFD-9AB0-6BFBE5C0FB59}"
EndProject
Project("{FAE04EC0-301F-11D3-BF4B-00C04F79EFBC}") = "ShopCET45.Prism.iOS", "ShopCET45.Prism\ShopCET45.Prism.iOS\ShopCET45.Prism.iOS.csproj", "{E0F5DD81-7C24-4901-818B-5DF347DC0004}"
EndProject
Global
	GlobalSection(SolutionConfigurationPlatforms) = preSolution
		Ad-Hoc|Any CPU = Ad-Hoc|Any CPU
		Ad-Hoc|iPhone = Ad-Hoc|iPhone
		Ad-Hoc|iPhoneSimulator = Ad-Hoc|iPhoneSimulator
		AppStore|Any CPU = AppStore|Any CPU
		AppStore|iPhone = AppStore|iPhone
		AppStore|iPhoneSimulator = AppStore|iPhoneSimulator
		Debug|Any CPU = Debug|Any CPU
		Debug|iPhone = Debug|iPhone
		Debug|iPhoneSimulator = Debug|iPhoneSimulator
		Release|Any CPU = Release|Any CPU
		Release|iPhone = Release|iPhone
		Release|iPhoneSimulator = Release|iPhoneSimulator
	EndGlobalSection
	GlobalSection(ProjectConfigurationPlatforms) = postSolution
		{49D8B9D3-9536-45BE-AC6F-99BCE23BAC98}.Ad-Hoc|Any CPU.ActiveCfg = Release|Any CPU
		{49D8B9D3-9536-45BE-AC6F-99BCE23BAC98}.Ad-Hoc|Any CPU.Build.0 = Release|Any CPU
		{49D8B9D3-9536-45BE-AC6F-99BCE23BAC98}.Ad-Hoc|iPhone.ActiveCfg = Release|Any CPU
		{49D8B9D3-9536-45BE-AC6F-99BCE23BAC98}.Ad-Hoc|iPhone.Build.0 = Release|Any CPU
		{49D8B9D3-9536-45BE-AC6F-99BCE23BAC98}.Ad-Hoc|iPhoneSimulator.ActiveCfg = Release|Any CPU
		{49D8B9D3-9536-45BE-AC6F-99BCE23BAC98}.Ad-Hoc|iPhoneSimulator.Build.0 = Release|Any CPU
		{49D8B9D3-9536-45BE-AC6F-99BCE23BAC98}.AppStore|Any CPU.ActiveCfg = Release|Any CPU
		{49D8B9D3-9536-45BE-AC6F-99BCE23BAC98}.AppStore|Any CPU.Build.0 = Release|Any CPU
		{49D8B9D3-9536-45BE-AC6F-99BCE23BAC98}.AppStore|iPhone.ActiveCfg = Release|Any CPU
		{49D8B9D3-9536-45BE-AC6F-99BCE23BAC98}.AppStore|iPhone.Build.0 = Release|Any CPU
		{49D8B9D3-9536-45BE-AC6F-99BCE23BAC98}.AppStore|iPhoneSimulator.ActiveCfg = Release|Any CPU
		{49D8B9D3-9536-45BE-AC6F-99BCE23BAC98}.AppStore|iPhoneSimulator.Build.0 = Release|Any CPU
		{49D8B9D3-9536-45BE-AC6F-99BCE23BAC98}.Debug|Any CPU.ActiveCfg = Debug|Any CPU
		{49D8B9D3-9536-45BE-AC6F-99BCE23BAC98}.Debug|Any CPU.Build.0 = Debug|Any CPU
		{49D8B9D3-9536-45BE-AC6F-99BCE23BAC98}.Debug|iPhone.ActiveCfg = Debug|Any CPU
		{49D8B9D3-9536-45BE-AC6F-99BCE23BAC98}.Debug|iPhone.Build.0 = Debug|Any CPU
		{49D8B9D3-9536-45BE-AC6F-99BCE23BAC98}.Debug|iPhoneSimulator.ActiveCfg = Debug|Any CPU
		{49D8B9D3-9536-45BE-AC6F-99BCE23BAC98}.Debug|iPhoneSimulator.Build.0 = Debug|Any CPU
		{49D8B9D3-9536-45BE-AC6F-99BCE23BAC98}.Release|Any CPU.ActiveCfg = Release|Any CPU
		{49D8B9D3-9536-45BE-AC6F-99BCE23BAC98}.Release|Any CPU.Build.0 = Release|Any CPU
		{49D8B9D3-9536-45BE-AC6F-99BCE23BAC98}.Release|iPhone.ActiveCfg = Release|Any CPU
		{49D8B9D3-9536-45BE-AC6F-99BCE23BAC98}.Release|iPhone.Build.0 = Release|Any CPU
		{49D8B9D3-9536-45BE-AC6F-99BCE23BAC98}.Release|iPhoneSimulator.ActiveCfg = Release|Any CPU
		{49D8B9D3-9536-45BE-AC6F-99BCE23BAC98}.Release|iPhoneSimulator.Build.0 = Release|Any CPU
		{31C5B023-2A9A-4E3D-A2AD-6ECB5949905E}.Ad-Hoc|Any CPU.ActiveCfg = Release|Any CPU
		{31C5B023-2A9A-4E3D-A2AD-6ECB5949905E}.Ad-Hoc|Any CPU.Build.0 = Release|Any CPU
		{31C5B023-2A9A-4E3D-A2AD-6ECB5949905E}.Ad-Hoc|iPhone.ActiveCfg = Release|Any CPU
		{31C5B023-2A9A-4E3D-A2AD-6ECB5949905E}.Ad-Hoc|iPhone.Build.0 = Release|Any CPU
		{31C5B023-2A9A-4E3D-A2AD-6ECB5949905E}.Ad-Hoc|iPhoneSimulator.ActiveCfg = Release|Any CPU
		{31C5B023-2A9A-4E3D-A2AD-6ECB5949905E}.Ad-Hoc|iPhoneSimulator.Build.0 = Release|Any CPU
		{31C5B023-2A9A-4E3D-A2AD-6ECB5949905E}.AppStore|Any CPU.ActiveCfg = Release|Any CPU
		{31C5B023-2A9A-4E3D-A2AD-6ECB5949905E}.AppStore|Any CPU.Build.0 = Release|Any CPU
		{31C5B023-2A9A-4E3D-A2AD-6ECB5949905E}.AppStore|iPhone.ActiveCfg = Release|Any CPU
		{31C5B023-2A9A-4E3D-A2AD-6ECB5949905E}.AppStore|iPhone.Build.0 = Release|Any CPU
		{31C5B023-2A9A-4E3D-A2AD-6ECB5949905E}.AppStore|iPhoneSimulator.ActiveCfg = Release|Any CPU
		{31C5B023-2A9A-4E3D-A2AD-6ECB5949905E}.AppStore|iPhoneSimulator.Build.0 = Release|Any CPU
		{31C5B023-2A9A-4E3D-A2AD-6ECB5949905E}.Debug|Any CPU.ActiveCfg = Debug|Any CPU
		{31C5B023-2A9A-4E3D-A2AD-6ECB5949905E}.Debug|Any CPU.Build.0 = Debug|Any CPU
		{31C5B023-2A9A-4E3D-A2AD-6ECB5949905E}.Debug|iPhone.ActiveCfg = Debug|Any CPU
		{31C5B023-2A9A-4E3D-A2AD-6ECB5949905E}.Debug|iPhone.Build.0 = Debug|Any CPU
		{31C5B023-2A9A-4E3D-A2AD-6ECB5949905E}.Debug|iPhoneSimulator.ActiveCfg = Debug|Any CPU
		{31C5B023-2A9A-4E3D-A2AD-6ECB5949905E}.Debug|iPhoneSimulator.Build.0 = Debug|Any CPU
		{31C5B023-2A9A-4E3D-A2AD-6ECB5949905E}.Release|Any CPU.ActiveCfg = Release|Any CPU
		{31C5B023-2A9A-4E3D-A2AD-6ECB5949905E}.Release|Any CPU.Build.0 = Release|Any CPU
		{31C5B023-2A9A-4E3D-A2AD-6ECB5949905E}.Release|iPhone.ActiveCfg = Release|Any CPU
		{31C5B023-2A9A-4E3D-A2AD-6ECB5949905E}.Release|iPhone.Build.0 = Release|Any CPU
		{31C5B023-2A9A-4E3D-A2AD-6ECB5949905E}.Release|iPhoneSimulator.ActiveCfg = Release|Any CPU
		{31C5B023-2A9A-4E3D-A2AD-6ECB5949905E}.Release|iPhoneSimulator.Build.0 = Release|Any CPU
		{F4266630-560B-4468-BC28-6B5D84B8AEED}.Ad-Hoc|Any CPU.ActiveCfg = Debug|Any CPU
		{F4266630-560B-4468-BC28-6B5D84B8AEED}.Ad-Hoc|Any CPU.Build.0 = Debug|Any CPU
		{F4266630-560B-4468-BC28-6B5D84B8AEED}.Ad-Hoc|iPhone.ActiveCfg = Debug|Any CPU
		{F4266630-560B-4468-BC28-6B5D84B8AEED}.Ad-Hoc|iPhone.Build.0 = Debug|Any CPU
		{F4266630-560B-4468-BC28-6B5D84B8AEED}.Ad-Hoc|iPhoneSimulator.ActiveCfg = Debug|Any CPU
		{F4266630-560B-4468-BC28-6B5D84B8AEED}.Ad-Hoc|iPhoneSimulator.Build.0 = Debug|Any CPU
		{F4266630-560B-4468-BC28-6B5D84B8AEED}.AppStore|Any CPU.ActiveCfg = Debug|Any CPU
		{F4266630-560B-4468-BC28-6B5D84B8AEED}.AppStore|Any CPU.Build.0 = Debug|Any CPU
		{F4266630-560B-4468-BC28-6B5D84B8AEED}.AppStore|iPhone.ActiveCfg = Debug|Any CPU
		{F4266630-560B-4468-BC28-6B5D84B8AEED}.AppStore|iPhone.Build.0 = Debug|Any CPU
		{F4266630-560B-4468-BC28-6B5D84B8AEED}.AppStore|iPhoneSimulator.ActiveCfg = Debug|Any CPU
		{F4266630-560B-4468-BC28-6B5D84B8AEED}.AppStore|iPhoneSimulator.Build.0 = Debug|Any CPU
		{F4266630-560B-4468-BC28-6B5D84B8AEED}.Debug|Any CPU.ActiveCfg = Debug|Any CPU
		{F4266630-560B-4468-BC28-6B5D84B8AEED}.Debug|Any CPU.Build.0 = Debug|Any CPU
		{F4266630-560B-4468-BC28-6B5D84B8AEED}.Debug|iPhone.ActiveCfg = Debug|Any CPU
		{F4266630-560B-4468-BC28-6B5D84B8AEED}.Debug|iPhone.Build.0 = Debug|Any CPU
		{F4266630-560B-4468-BC28-6B5D84B8AEED}.Debug|iPhoneSimulator.ActiveCfg = Debug|Any CPU
		{F4266630-560B-4468-BC28-6B5D84B8AEED}.Debug|iPhoneSimulator.Build.0 = Debug|Any CPU
		{F4266630-560B-4468-BC28-6B5D84B8AEED}.Release|Any CPU.ActiveCfg = Release|Any CPU
		{F4266630-560B-4468-BC28-6B5D84B8AEED}.Release|Any CPU.Build.0 = Release|Any CPU
		{F4266630-560B-4468-BC28-6B5D84B8AEED}.Release|iPhone.ActiveCfg = Release|Any CPU
		{F4266630-560B-4468-BC28-6B5D84B8AEED}.Release|iPhone.Build.0 = Release|Any CPU
		{F4266630-560B-4468-BC28-6B5D84B8AEED}.Release|iPhoneSimulator.ActiveCfg = Release|Any CPU
		{F4266630-560B-4468-BC28-6B5D84B8AEED}.Release|iPhoneSimulator.Build.0 = Release|Any CPU
		{7F05302C-621E-4EFD-9AB0-6BFBE5C0FB59}.Ad-Hoc|Any CPU.ActiveCfg = Release|Any CPU
		{7F05302C-621E-4EFD-9AB0-6BFBE5C0FB59}.Ad-Hoc|Any CPU.Build.0 = Release|Any CPU
		{7F05302C-621E-4EFD-9AB0-6BFBE5C0FB59}.Ad-Hoc|Any CPU.Deploy.0 = Release|Any CPU
		{7F05302C-621E-4EFD-9AB0-6BFBE5C0FB59}.Ad-Hoc|iPhone.ActiveCfg = Release|Any CPU
		{7F05302C-621E-4EFD-9AB0-6BFBE5C0FB59}.Ad-Hoc|iPhone.Build.0 = Release|Any CPU
		{7F05302C-621E-4EFD-9AB0-6BFBE5C0FB59}.Ad-Hoc|iPhone.Deploy.0 = Release|Any CPU
		{7F05302C-621E-4EFD-9AB0-6BFBE5C0FB59}.Ad-Hoc|iPhoneSimulator.ActiveCfg = Release|Any CPU
		{7F05302C-621E-4EFD-9AB0-6BFBE5C0FB59}.Ad-Hoc|iPhoneSimulator.Build.0 = Release|Any CPU
		{7F05302C-621E-4EFD-9AB0-6BFBE5C0FB59}.Ad-Hoc|iPhoneSimulator.Deploy.0 = Release|Any CPU
		{7F05302C-621E-4EFD-9AB0-6BFBE5C0FB59}.AppStore|Any CPU.ActiveCfg = Release|Any CPU
		{7F05302C-621E-4EFD-9AB0-6BFBE5C0FB59}.AppStore|Any CPU.Build.0 = Release|Any CPU
		{7F05302C-621E-4EFD-9AB0-6BFBE5C0FB59}.AppStore|Any CPU.Deploy.0 = Release|Any CPU
		{7F05302C-621E-4EFD-9AB0-6BFBE5C0FB59}.AppStore|iPhone.ActiveCfg = Release|Any CPU
		{7F05302C-621E-4EFD-9AB0-6BFBE5C0FB59}.AppStore|iPhone.Build.0 = Release|Any CPU
		{7F05302C-621E-4EFD-9AB0-6BFBE5C0FB59}.AppStore|iPhone.Deploy.0 = Release|Any CPU
		{7F05302C-621E-4EFD-9AB0-6BFBE5C0FB59}.AppStore|iPhoneSimulator.ActiveCfg = Release|Any CPU
		{7F05302C-621E-4EFD-9AB0-6BFBE5C0FB59}.AppStore|iPhoneSimulator.Build.0 = Release|Any CPU
		{7F05302C-621E-4EFD-9AB0-6BFBE5C0FB59}.AppStore|iPhoneSimulator.Deploy.0 = Release|Any CPU
		{7F05302C-621E-4EFD-9AB0-6BFBE5C0FB59}.Debug|Any CPU.ActiveCfg = Debug|Any CPU
		{7F05302C-621E-4EFD-9AB0-6BFBE5C0FB59}.Debug|Any CPU.Build.0 = Debug|Any CPU
		{7F05302C-621E-4EFD-9AB0-6BFBE5C0FB59}.Debug|Any CPU.Deploy.0 = Debug|Any CPU
		{7F05302C-621E-4EFD-9AB0-6BFBE5C0FB59}.Debug|iPhone.ActiveCfg = Debug|Any CPU
		{7F05302C-621E-4EFD-9AB0-6BFBE5C0FB59}.Debug|iPhone.Build.0 = Debug|Any CPU
		{7F05302C-621E-4EFD-9AB0-6BFBE5C0FB59}.Debug|iPhone.Deploy.0 = Debug|Any CPU
		{7F05302C-621E-4EFD-9AB0-6BFBE5C0FB59}.Debug|iPhoneSimulator.ActiveCfg = Debug|Any CPU
		{7F05302C-621E-4EFD-9AB0-6BFBE5C0FB59}.Debug|iPhoneSimulator.Build.0 = Debug|Any CPU
		{7F05302C-621E-4EFD-9AB0-6BFBE5C0FB59}.Debug|iPhoneSimulator.Deploy.0 = Debug|Any CPU
		{7F05302C-621E-4EFD-9AB0-6BFBE5C0FB59}.Release|Any CPU.ActiveCfg = Release|Any CPU
		{7F05302C-621E-4EFD-9AB0-6BFBE5C0FB59}.Release|Any CPU.Build.0 = Release|Any CPU
		{7F05302C-621E-4EFD-9AB0-6BFBE5C0FB59}.Release|Any CPU.Deploy.0 = Release|Any CPU
		{7F05302C-621E-4EFD-9AB0-6BFBE5C0FB59}.Release|iPhone.ActiveCfg = Release|Any CPU
		{7F05302C-621E-4EFD-9AB0-6BFBE5C0FB59}.Release|iPhone.Build.0 = Release|Any CPU
		{7F05302C-621E-4EFD-9AB0-6BFBE5C0FB59}.Release|iPhone.Deploy.0 = Release|Any CPU
		{7F05302C-621E-4EFD-9AB0-6BFBE5C0FB59}.Release|iPhoneSimulator.ActiveCfg = Release|Any CPU
		{7F05302C-621E-4EFD-9AB0-6BFBE5C0FB59}.Release|iPhoneSimulator.Build.0 = Release|Any CPU
		{7F05302C-621E-4EFD-9AB0-6BFBE5C0FB59}.Release|iPhoneSimulator.Deploy.0 = Release|Any CPU
		{E0F5DD81-7C24-4901-818B-5DF347DC0004}.Ad-Hoc|Any CPU.ActiveCfg = Ad-Hoc|iPhone
		{E0F5DD81-7C24-4901-818B-5DF347DC0004}.Ad-Hoc|iPhone.ActiveCfg = Ad-Hoc|iPhone
		{E0F5DD81-7C24-4901-818B-5DF347DC0004}.Ad-Hoc|iPhone.Build.0 = Ad-Hoc|iPhone
		{E0F5DD81-7C24-4901-818B-5DF347DC0004}.Ad-Hoc|iPhoneSimulator.ActiveCfg = Ad-Hoc|iPhoneSimulator
		{E0F5DD81-7C24-4901-818B-5DF347DC0004}.Ad-Hoc|iPhoneSimulator.Build.0 = Ad-Hoc|iPhoneSimulator
		{E0F5DD81-7C24-4901-818B-5DF347DC0004}.AppStore|Any CPU.ActiveCfg = AppStore|iPhone
		{E0F5DD81-7C24-4901-818B-5DF347DC0004}.AppStore|iPhone.ActiveCfg = AppStore|iPhone
		{E0F5DD81-7C24-4901-818B-5DF347DC0004}.AppStore|iPhone.Build.0 = AppStore|iPhone
		{E0F5DD81-7C24-4901-818B-5DF347DC0004}.AppStore|iPhoneSimulator.ActiveCfg = AppStore|iPhoneSimulator
		{E0F5DD81-7C24-4901-818B-5DF347DC0004}.AppStore|iPhoneSimulator.Build.0 = AppStore|iPhoneSimulator
		{E0F5DD81-7C24-4901-818B-5DF347DC0004}.Debug|Any CPU.ActiveCfg = Debug|iPhone
		{E0F5DD81-7C24-4901-818B-5DF347DC0004}.Debug|iPhone.ActiveCfg = Debug|iPhone
		{E0F5DD81-7C24-4901-818B-5DF347DC0004}.Debug|iPhone.Build.0 = Debug|iPhone
		{E0F5DD81-7C24-4901-818B-5DF347DC0004}.Debug|iPhoneSimulator.ActiveCfg = Debug|iPhoneSimulator
		{E0F5DD81-7C24-4901-818B-5DF347DC0004}.Debug|iPhoneSimulator.Build.0 = Debug|iPhoneSimulator
		{E0F5DD81-7C24-4901-818B-5DF347DC0004}.Release|Any CPU.ActiveCfg = Release|iPhone
		{E0F5DD81-7C24-4901-818B-5DF347DC0004}.Release|iPhone.ActiveCfg = Release|iPhone
		{E0F5DD81-7C24-4901-818B-5DF347DC0004}.Release|iPhone.Build.0 = Release|iPhone
		{E0F5DD81-7C24-4901-818B-5DF347DC0004}.Release|iPhoneSimulator.ActiveCfg = Release|iPhoneSimulator
		{E0F5DD81-7C24-4901-818B-5DF347DC0004}.Release|iPhoneSimulator.Build.0 = Release|iPhoneSimulator
	EndGlobalSection
	GlobalSection(SolutionProperties) = preSolution
		HideSolutionNode = FALSE
	EndGlobalSection
	GlobalSection(ExtensibilityGlobals) = postSolution
		SolutionGuid = {0450048B-CCC5-479A-BA6E-FA0B482AE491}
	EndGlobalSection
EndGlobal
